// !$*UTF8*$!
{
	archiveVersion = 1;
	classes = {
	};
	objectVersion = 46;
	objects = {

/* Begin PBXBuildFile section */
		C48F40C01EDB472600C2D6D0 /* AirportTableViewCell.swift in Sources */ = {isa = PBXBuildFile; fileRef = C48F40BF1EDB472600C2D6D0 /* AirportTableViewCell.swift */; };
		C48F40C21EDC500500C2D6D0 /* AirportContentViewController.swift in Sources */ = {isa = PBXBuildFile; fileRef = C48F40C11EDC500500C2D6D0 /* AirportContentViewController.swift */; };
		C4CBF4B51EDA927D00532539 /* AppDelegate.swift in Sources */ = {isa = PBXBuildFile; fileRef = C4CBF4B41EDA927D00532539 /* AppDelegate.swift */; };
		C4CBF4BA1EDA927D00532539 /* Main.storyboard in Resources */ = {isa = PBXBuildFile; fileRef = C4CBF4B81EDA927D00532539 /* Main.storyboard */; };
		C4CBF4BC1EDA927D00532539 /* Assets.xcassets in Resources */ = {isa = PBXBuildFile; fileRef = C4CBF4BB1EDA927D00532539 /* Assets.xcassets */; };
		C4CBF4BF1EDA927D00532539 /* LaunchScreen.storyboard in Resources */ = {isa = PBXBuildFile; fileRef = C4CBF4BD1EDA927D00532539 /* LaunchScreen.storyboard */; };
		C4CBF4C71EDAEB9E00532539 /* airports.plist in Resources */ = {isa = PBXBuildFile; fileRef = C4CBF4C61EDAEB9E00532539 /* airports.plist */; };
		C4CBF4C91EDAF34600532539 /* Airport.swift in Sources */ = {isa = PBXBuildFile; fileRef = C4CBF4C81EDAF34600532539 /* Airport.swift */; };
		C4CBF4CB1EDB03A200532539 /* AirportTableViewController.swift in Sources */ = {isa = PBXBuildFile; fileRef = C4CBF4CA1EDB03A200532539 /* AirportTableViewController.swift */; };
/* End PBXBuildFile section */

/* Begin PBXFileReference section */
		C48F40BF1EDB472600C2D6D0 /* AirportTableViewCell.swift */ = {isa = PBXFileReference; fileEncoding = 4; lastKnownFileType = sourcecode.swift; path = AirportTableViewCell.swift; sourceTree = "<group>"; };
		C48F40C11EDC500500C2D6D0 /* AirportContentViewController.swift */ = {isa = PBXFileReference; fileEncoding = 4; lastKnownFileType = sourcecode.swift; path = AirportContentViewController.swift; sourceTree = "<group>"; };
		C4CBF4B11EDA927D00532539 /* AirportList.app */ = {isa = PBXFileReference; explicitFileType = wrapper.application; includeInIndex = 0; path = AirportList.app; sourceTree = BUILT_PRODUCTS_DIR; };
		C4CBF4B41EDA927D00532539 /* AppDelegate.swift */ = {isa = PBXFileReference; lastKnownFileType = sourcecode.swift; path = AppDelegate.swift; sourceTree = "<group>"; };
		C4CBF4B91EDA927D00532539 /* Base */ = {isa = PBXFileReference; lastKnownFileType = file.storyboard; name = Base; path = Base.lproj/Main.storyboard; sourceTree = "<group>"; };
		C4CBF4BB1EDA927D00532539 /* Assets.xcassets */ = {isa = PBXFileReference; lastKnownFileType = folder.assetcatalog; path = Assets.xcassets; sourceTree = "<group>"; };
		C4CBF4BE1EDA927D00532539 /* Base */ = {isa = PBXFileReference; lastKnownFileType = file.storyboard; name = Base; path = Base.lproj/LaunchScreen.storyboard; sourceTree = "<group>"; };
		C4CBF4C01EDA927D00532539 /* Info.plist */ = {isa = PBXFileReference; lastKnownFileType = text.plist.xml; path = Info.plist; sourceTree = "<group>"; };
		C4CBF4C61EDAEB9E00532539 /* airports.plist */ = {isa = PBXFileReference; fileEncoding = 4; lastKnownFileType = text.plist.xml; name = airports.plist; path = "../../../../../../../Desktop/Airports Data/airports.plist"; sourceTree = "<group>"; };
		C4CBF4C81EDAF34600532539 /* Airport.swift */ = {isa = PBXFileReference; fileEncoding = 4; lastKnownFileType = sourcecode.swift; path = Airport.swift; sourceTree = "<group>"; };
		C4CBF4CA1EDB03A200532539 /* AirportTableViewController.swift */ = {isa = PBXFileReference; fileEncoding = 4; lastKnownFileType = sourcecode.swift; path = AirportTableViewController.swift; sourceTree = "<group>"; };
/* End PBXFileReference section */

/* Begin PBXFrameworksBuildPhase section */
		C4CBF4AE1EDA927D00532539 /* Frameworks */ = {
			isa = PBXFrameworksBuildPhase;
			buildActionMask = 2147483647;
			files = (
			);
			runOnlyForDeploymentPostprocessing = 0;
		};
/* End PBXFrameworksBuildPhase section */

/* Begin PBXGroup section */
		C4CBF4A81EDA927D00532539 = {
			isa = PBXGroup;
			children = (
				C4CBF4B31EDA927D00532539 /* AirportList */,
				C4CBF4B21EDA927D00532539 /* Products */,
			);
			sourceTree = "<group>";
		};
		C4CBF4B21EDA927D00532539 /* Products */ = {
			isa = PBXGroup;
			children = (
				C4CBF4B11EDA927D00532539 /* AirportList.app */,
			);
			name = Products;
			sourceTree = "<group>";
		};
		C4CBF4B31EDA927D00532539 /* AirportList */ = {
			isa = PBXGroup;
			children = (
				C4CBF4C61EDAEB9E00532539 /* airports.plist */,
				C4CBF4B41EDA927D00532539 /* AppDelegate.swift */,
				C4CBF4C81EDAF34600532539 /* Airport.swift */,
				C4CBF4B81EDA927D00532539 /* Main.storyboard */,
				C48F40BF1EDB472600C2D6D0 /* AirportTableViewCell.swift */,
				C4CBF4CA1EDB03A200532539 /* AirportTableViewController.swift */,
				C48F40C11EDC500500C2D6D0 /* AirportContentViewController.swift */,
				C4CBF4BB1EDA927D00532539 /* Assets.xcassets */,
				C4CBF4BD1EDA927D00532539 /* LaunchScreen.storyboard */,
				C4CBF4C01EDA927D00532539 /* Info.plist */,
			);
			path = AirportList;
			sourceTree = "<group>";
		};
/* End PBXGroup section */

/* Begin PBXNativeTarget section */
		C4CBF4B01EDA927D00532539 /* AirportList */ = {
			isa = PBXNativeTarget;
			buildConfigurationList = C4CBF4C31EDA927D00532539 /* Build configuration list for PBXNativeTarget "AirportList" */;
			buildPhases = (
				C4CBF4AD1EDA927D00532539 /* Sources */,
				C4CBF4AE1EDA927D00532539 /* Frameworks */,
				C4CBF4AF1EDA927D00532539 /* Resources */,
			);
			buildRules = (
			);
			dependencies = (
			);
			name = AirportList;
			productName = AirportList;
			productReference = C4CBF4B11EDA927D00532539 /* AirportList.app */;
			productType = "com.apple.product-type.application";
		};
/* End PBXNativeTarget section */

/* Begin PBXProject section */
		C4CBF4A91EDA927D00532539 /* Project object */ = {
			isa = PBXProject;
			attributes = {
				LastSwiftUpdateCheck = 0830;
				LastUpgradeCheck = 0830;
				ORGANIZATIONNAME = "林晏竹";
				TargetAttributes = {
					C4CBF4B01EDA927D00532539 = {
						CreatedOnToolsVersion = 8.3.2;
						DevelopmentTeam = 4FAWUFZ5VL;
						ProvisioningStyle = Automatic;
					};
				};
			};
			buildConfigurationList = C4CBF4AC1EDA927D00532539 /* Build configuration list for PBXProject "AirportList" */;
			compatibilityVersion = "Xcode 3.2";
			developmentRegion = English;
			hasScannedForEncodings = 0;
			knownRegions = (
				en,
				Base,
			);
			mainGroup = C4CBF4A81EDA927D00532539;
			productRefGroup = C4CBF4B21EDA927D00532539 /* Products */;
			projectDirPath = "";
			projectRoot = "";
			targets = (
				C4CBF4B01EDA927D00532539 /* AirportList */,
			);
		};
/* End PBXProject section */

/* Begin PBXResourcesBuildPhase section */
		C4CBF4AF1EDA927D00532539 /* Resources */ = {
			isa = PBXResourcesBuildPhase;
			buildActionMask = 2147483647;
			files = (
				C4CBF4C71EDAEB9E00532539 /* airports.plist in Resources */,
				C4CBF4BF1EDA927D00532539 /* LaunchScreen.storyboard in Resources */,
				C4CBF4BC1EDA927D00532539 /* Assets.xcassets in Resources */,
				C4CBF4BA1EDA927D00532539 /* Main.storyboard in Resources */,
			);
			runOnlyForDeploymentPostprocessing = 0;
		};
/* End PBXResourcesBuildPhase section */

/* Begin PBXSourcesBuildPhase section */
		C4CBF4AD1EDA927D00532539 /* Sources */ = {
			isa = PBXSourcesBuildPhase;
			buildActionMask = 2147483647;
			files = (
				C4CBF4C91EDAF34600532539 /* Airport.swift in Sources */,
				C48F40C01EDB472600C2D6D0 /* AirportTableViewCell.swift in Sources */,
				C4CBF4B51EDA927D00532539 /* AppDelegate.swift in Sources */,
				C4CBF4CB1EDB03A200532539 /* AirportTableViewController.swift in Sources */,
				C48F40C21EDC500500C2D6D0 /* AirportContentViewController.swift in Sources */,
			);
			runOnlyForDeploymentPostprocessing = 0;
		};
/* End PBXSourcesBuildPhase section */

/* Begin PBXVariantGroup section */
		C4CBF4B81EDA927D00532539 /* Main.storyboard */ = {
			isa = PBXVariantGroup;
			children = (
				C4CBF4B91EDA927D00532539 /* Base */,
			);
			name = Main.storyboard;
			sourceTree = "<group>";
		};
		C4CBF4BD1EDA927D00532539 /* LaunchScreen.storyboard */ = {
			isa = PBXVariantGroup;
			children = (
				C4CBF4BE1EDA927D00532539 /* Base */,
			);
			name = LaunchScreen.storyboard;
			sourceTree = "<group>";
		};
/* End PBXVariantGroup section */

/* Begin XCBuildConfiguration section */
		C4CBF4C11EDA927D00532539 /* Debug */ = {
			isa = XCBuildConfiguration;
			buildSettings = {
				ALWAYS_SEARCH_USER_PATHS = NO;
				CLANG_ANALYZER_NONNULL = YES;
				CLANG_ANALYZER_NUMBER_OBJECT_CONVERSION = YES_AGGRESSIVE;
				CLANG_CXX_LANGUAGE_STANDARD = "gnu++0x";
				CLANG_CXX_LIBRARY = "libc++";
				CLANG_ENABLE_MODULES = YES;
				CLANG_ENABLE_OBJC_ARC = YES;
				CLANG_WARN_BOOL_CONVERSION = YES;
				CLANG_WARN_CONSTANT_CONVERSION = YES;
				CLANG_WARN_DIRECT_OBJC_ISA_USAGE = YES_ERROR;
				CLANG_WARN_DOCUMENTATION_COMMENTS = YES;
				CLANG_WARN_EMPTY_BODY = YES;
				CLANG_WARN_ENUM_CONVERSION = YES;
				CLANG_WARN_INFINITE_RECURSION = YES;
				CLANG_WARN_INT_CONVERSION = YES;
				CLANG_WARN_OBJC_ROOT_CLASS = YES_ERROR;
				CLANG_WARN_SUSPICIOUS_MOVE = YES;
				CLANG_WARN_UNREACHABLE_CODE = YES;
				CLANG_WARN__DUPLICATE_METHOD_MATCH = YES;
				"CODE_SIGN_IDENTITY[sdk=iphoneos*]" = "iPhone Developer";
				COPY_PHASE_STRIP = NO;
				DEBUG_INFORMATION_FORMAT = dwarf;
				ENABLE_STRICT_OBJC_MSGSEND = YES;
				ENABLE_TESTABILITY = YES;
				GCC_C_LANGUAGE_STANDARD = gnu99;
				GCC_DYNAMIC_NO_PIC = NO;
				GCC_NO_COMMON_BLOCKS = YES;
				GCC_OPTIMIZATION_LEVEL = 0;
				GCC_PREPROCESSOR_DEFINITIONS = (
					"DEBUG=1",
					"$(inherited)",
				);
				GCC_WARN_64_TO_32_BIT_CONVERSION = YES;
				GCC_WARN_ABOUT_RETURN_TYPE = YES_ERROR;
				GCC_WARN_UNDECLARED_SELECTOR = YES;
				GCC_WARN_UNINITIALIZED_AUTOS = YES_AGGRESSIVE;
				GCC_WARN_UNUSED_FUNCTION = YES;
				GCC_WARN_UNUSED_VARIABLE = YES;
				IPHONEOS_DEPLOYMENT_TARGET = 10.3;
				MTL_ENABLE_DEBUG_INFO = YES;
				ONLY_ACTIVE_ARCH = YES;
				SDKROOT = iphoneos;
				SWIFT_ACTIVE_COMPILATION_CONDITIONS = DEBUG;
				SWIFT_OPTIMIZATION_LEVEL = "-Onone";
				TARGETED_DEVICE_FAMILY = "1,2";
			};
			name = Debug;
		};
		C4CBF4C21EDA927D00532539 /* Release */ = {
			isa = XCBuildConfiguration;
			buildSettings = {
				ALWAYS_SEARCH_USER_PATHS = NO;
				CLANG_ANALYZER_NONNULL = YES;
				CLANG_ANALYZER_NUMBER_OBJECT_CONVERSION = YES_AGGRESSIVE;
				CLANG_CXX_LANGUAGE_STANDARD = "gnu++0x";
				CLANG_CXX_LIBRARY = "libc++";
				CLANG_ENABLE_MODULES = YES;
				CLANG_ENABLE_OBJC_ARC = YES;
				CLANG_WARN_BOOL_CONVERSION = YES;
				CLANG_WARN_CONSTANT_CONVERSION = YES;
				CLANG_WARN_DIRECT_OBJC_ISA_USAGE = YES_ERROR;
				CLANG_WARN_DOCUMENTATION_COMMENTS = YES;
				CLANG_WARN_EMPTY_BODY = YES;
				CLANG_WARN_ENUM_CONVERSION = YES;
				CLANG_WARN_INFINITE_RECURSION = YES;
				CLANG_WARN_INT_CONVERSION = YES;
				CLANG_WARN_OBJC_ROOT_CLASS = YES_ERROR;
				CLANG_WARN_SUSPICIOUS_MOVE = YES;
				CLANG_WARN_UNREACHABLE_CODE = YES;
				CLANG_WARN__DUPLICATE_METHOD_MATCH = YES;
				"CODE_SIGN_IDENTITY[sdk=iphoneos*]" = "iPhone Developer";
				COPY_PHASE_STRIP = NO;
				DEBUG_INFORMATION_FORMAT = "dwarf-with-dsym";
				ENABLE_NS_ASSERTIONS = NO;
				ENABLE_STRICT_OBJC_MSGSEND = YES;
				GCC_C_LANGUAGE_STANDARD = gnu99;
				GCC_NO_COMMON_BLOCKS = YES;
				GCC_WARN_64_TO_32_BIT_CONVERSION = YES;
				GCC_WARN_ABOUT_RETURN_TYPE = YES_ERROR;
				GCC_WARN_UNDECLARED_SELECTOR = YES;
				GCC_WARN_UNINITIALIZED_AUTOS = YES_AGGRESSIVE;
				GCC_WARN_UNUSED_FUNCTION = YES;
				GCC_WARN_UNUSED_VARIABLE = YES;
				IPHONEOS_DEPLOYMENT_TARGET = 10.3;
				MTL_ENABLE_DEBUG_INFO = NO;
				SDKROOT = iphoneos;
				SWIFT_OPTIMIZATION_LEVEL = "-Owholemodule";
				TARGETED_DEVICE_FAMILY = "1,2";
				VALIDATE_PRODUCT = YES;
			};
			name = Release;
		};
		C4CBF4C41EDA927D00532539 /* Debug */ = {
			isa = XCBuildConfiguration;
			buildSettings = {
				ASSETCATALOG_COMPILER_APPICON_NAME = AppIcon;
				DEVELOPMENT_TEAM = 4FAWUFZ5VL;
				INFOPLIST_FILE = AirportList/Info.plist;
				LD_RUNPATH_SEARCH_PATHS = "$(inherited) @executable_path/Frameworks";
				PRODUCT_BUNDLE_IDENTIFIER = com.yenchulin.AirportList;
				PRODUCT_NAME = "$(TARGET_NAME)";
				SWIFT_VERSION = 3.0;
			};
			name = Debug;
		};
		C4CBF4C51EDA927D00532539 /* Release */ = {
			isa = XCBuildConfiguration;
			buildSettings = {
				ASSETCATALOG_COMPILER_APPICON_NAME = AppIcon;
				DEVELOPMENT_TEAM = 4FAWUFZ5VL;
				INFOPLIST_FILE = AirportList/Info.plist;
				LD_RUNPATH_SEARCH_PATHS = "$(inherited) @executable_path/Frameworks";
				PRODUCT_BUNDLE_IDENTIFIER = com.yenchulin.AirportList;
				PRODUCT_NAME = "$(TARGET_NAME)";
				SWIFT_VERSION = 3.0;
			};
			name = Release;
		};
/* End XCBuildConfiguration section */

/* Begin XCConfigurationList section */
		C4CBF4AC1EDA927D00532539 /* Build configuration list for PBXProject "AirportList" */ = {
			isa = XCConfigurationList;
			buildConfigurations = (
				C4CBF4C11EDA927D00532539 /* Debug */,
				C4CBF4C21EDA927D00532539 /* Release */,
			);
			defaultConfigurationIsVisible = 0;
			defaultConfigurationName = Release;
		};
		C4CBF4C31EDA927D00532539 /* Build configuration list for PBXNativeTarget "AirportList" */ = {
			isa = XCConfigurationList;
			buildConfigurations = (
				C4CBF4C41EDA927D00532539 /* Debug */,
				C4CBF4C51EDA927D00532539 /* Release */,
			);
			defaultConfigurationIsVisible = 0;
			defaultConfigurationName = Release;
		};
/* End XCConfigurationList section */
	};
	rootObject = C4CBF4A91EDA927D00532539 /* Project object */;
}
